# THIS IS AN AUTOGENERATED FILE. DO NOT EDIT THIS FILE DIRECTLY.
# yarn lockfile v1


"@types/email-validator@^1.0.6":
  version "1.0.6"
  resolved "https://registry.yarnpkg.com/@types/email-validator/-/email-validator-1.0.6.tgz#d555e53c826ac75e0205305f33ff47fc46930cd3"
  integrity sha512-6DAeWG+gKRlAWz7iczV8WPeD4KZzmevffrOW5c6WKqn8lvlWzOqGeKMcKZ0ggVvI2W4jNKdyEWBwuVfdD2haWg==
  dependencies:
    email-validator "*"

"@types/isomorphic-fetch@^0.0.35":
  version "0.0.35"
  resolved "https://registry.yarnpkg.com/@types/isomorphic-fetch/-/isomorphic-fetch-0.0.35.tgz#c1c0d402daac324582b6186b91f8905340ea3361"
  integrity sha512-DaZNUvLDCAnCTjgwxgiL1eQdxIKEpNLOlTNtAgnZc50bG2copGhRrFN9/PxPBuJe+tZVLCbQ7ls0xveXVRPkvw==

"@types/uuid@^8.3.0":
  version "8.3.0"
  resolved "https://registry.yarnpkg.com/@types/uuid/-/uuid-8.3.0.tgz#215c231dff736d5ba92410e6d602050cce7e273f"
  integrity sha512-eQ9qFW/fhfGJF8WKHGEHZEyVWfZxrT+6CLIJGBcZPfxUh/+BnEj+UCGYMlr9qZuX/2AltsvwrGqp0LhEW8D0zQ==

email-validator@*, email-validator@^2.0.4:
  version "2.0.4"
  resolved "https://registry.yarnpkg.com/email-validator/-/email-validator-2.0.4.tgz#b8dfaa5d0dae28f1b03c95881d904d4e40bfe7ed"
  integrity sha512-gYCwo7kh5S3IDyZPLZf6hSS0MnZT8QmJFqYvbqlDZSbwdZlY6QZWxJ4i/6UhITOJ4XzyI647Bm2MXKCLqnJ4nQ==

isomorphic-fetch@^3.0.0:
  version "3.0.0"
  resolved "https://registry.yarnpkg.com/isomorphic-fetch/-/isomorphic-fetch-3.0.0.tgz#0267b005049046d2421207215d45d6a262b8b8b4"
  integrity sha512-qvUtwJ3j6qwsF3jLxkZ72qCgjMysPzDfeV240JHiGZsANBYd+EEuu35v7dfrJ9Up0Ak07D7GGSkGhCHTqg/5wA==
  dependencies:
    node-fetch "^2.6.1"
    whatwg-fetch "^3.4.1"

node-fetch@^2.6.1:
  version "2.6.1"
  resolved "https://registry.yarnpkg.com/node-fetch/-/node-fetch-2.6.1.tgz#045bd323631f76ed2e2b55573394416b639a0052"
  integrity sha512-V4aYg89jEoVRxRb2fJdAg8FHvI7cEyYdVAh94HH0UIK8oJxUfkjlDQN9RbMx+bEjP7+ggMiFRprSti032Oipxw==

password-validator@^5.1.0:
  version "5.1.0"
  resolved "https://registry.yarnpkg.com/password-validator/-/password-validator-5.1.0.tgz#bb96b33e779d22bc841842b92429535493fb16f0"
  integrity sha512-aHWSTQKHIiorLDM1kbTKRwaO0XqKIhouVrZjE5dLw1we30TJT94AsqSIhT9qP/dpT6RDAlh4CcvvhbDY8TVrAA==

uuid@^8.3.1:
  version "8.3.1"
  resolved "https://registry.yarnpkg.com/uuid/-/uuid-8.3.1.tgz#2ba2e6ca000da60fce5a196954ab241131e05a31"
  integrity sha512-FOmRr+FmWEIG8uhZv6C2bTgEVXsHk08kE7mPlrBbEe+c3r9pjceVPgupIfNIhc4yx55H69OXANrUaSuu9eInKg==

whatwg-fetch@^3.4.1:
  version "3.5.0"
  resolved "https://registry.yarnpkg.com/whatwg-fetch/-/whatwg-fetch-3.5.0.tgz#605a2cd0a7146e5db141e29d1c62ab84c0c4c868"
  integrity sha512-jXkLtsR42xhXg7akoDKvKWE40eJeI+2KZqcp2h3NsOrRnDvtWX36KcKl30dy+hxECivdk2BVUHVNrPtoMBUx6A==
